// !$*UTF8*$!
{
	archiveVersion = 1;
	classes = {
	};
	objectVersion = 50;
	objects = {

/* Begin PBXBuildFile section */
		3D464776255B2C560077E912 /* AppDelegate.swift in Sources */ = {isa = PBXBuildFile; fileRef = 3D464775255B2C560077E912 /* AppDelegate.swift */; };
		3D464778255B2C560077E912 /* SceneDelegate.swift in Sources */ = {isa = PBXBuildFile; fileRef = 3D464777255B2C560077E912 /* SceneDelegate.swift */; };
		3D46477A255B2C560077E912 /* ViewController.swift in Sources */ = {isa = PBXBuildFile; fileRef = 3D464779255B2C560077E912 /* ViewController.swift */; };
		3D46477D255B2C560077E912 /* Main.storyboard in Resources */ = {isa = PBXBuildFile; fileRef = 3D46477B255B2C560077E912 /* Main.storyboard */; };
		3D46477F255B2C600077E912 /* Assets.xcassets in Resources */ = {isa = PBXBuildFile; fileRef = 3D46477E255B2C600077E912 /* Assets.xcassets */; };
		3D464782255B2C600077E912 /* LaunchScreen.storyboard in Resources */ = {isa = PBXBuildFile; fileRef = 3D464780255B2C600077E912 /* LaunchScreen.storyboard */; };
		3D46478D255B2C610077E912 /* listaEventosTests.swift in Sources */ = {isa = PBXBuildFile; fileRef = 3D46478C255B2C610077E912 /* listaEventosTests.swift */; };
		3D464798255B2C610077E912 /* listaEventosUITests.swift in Sources */ = {isa = PBXBuildFile; fileRef = 3D464797255B2C610077E912 /* listaEventosUITests.swift */; };
		3D4647A6255B3CAD0077E912 /* Evento.swift in Sources */ = {isa = PBXBuildFile; fileRef = 3D4647A5255B3CAD0077E912 /* Evento.swift */; };
		3D4647A8255B3EC30077E912 /* CeldaEventoController.swift in Sources */ = {isa = PBXBuildFile; fileRef = 3D4647A7255B3EC30077E912 /* CeldaEventoController.swift */; };
/* End PBXBuildFile section */

/* Begin PBXContainerItemProxy section */
		3D464789255B2C610077E912 /* PBXContainerItemProxy */ = {
			isa = PBXContainerItemProxy;
			containerPortal = 3D46476A255B2C560077E912 /* Project object */;
			proxyType = 1;
			remoteGlobalIDString = 3D464771255B2C560077E912;
			remoteInfo = listaEventos;
		};
		3D464794255B2C610077E912 /* PBXContainerItemProxy */ = {
			isa = PBXContainerItemProxy;
			containerPortal = 3D46476A255B2C560077E912 /* Project object */;
			proxyType = 1;
			remoteGlobalIDString = 3D464771255B2C560077E912;
			remoteInfo = listaEventos;
		};
/* End PBXContainerItemProxy section */

/* Begin PBXFileReference section */
		3D464772255B2C560077E912 /* listaEventos.app */ = {isa = PBXFileReference; explicitFileType = wrapper.application; includeInIndex = 0; path = listaEventos.app; sourceTree = BUILT_PRODUCTS_DIR; };
		3D464775255B2C560077E912 /* AppDelegate.swift */ = {isa = PBXFileReference; lastKnownFileType = sourcecode.swift; path = AppDelegate.swift; sourceTree = "<group>"; };
		3D464777255B2C560077E912 /* SceneDelegate.swift */ = {isa = PBXFileReference; lastKnownFileType = sourcecode.swift; path = SceneDelegate.swift; sourceTree = "<group>"; };
		3D464779255B2C560077E912 /* ViewController.swift */ = {isa = PBXFileReference; lastKnownFileType = sourcecode.swift; path = ViewController.swift; sourceTree = "<group>"; };
		3D46477C255B2C560077E912 /* Base */ = {isa = PBXFileReference; lastKnownFileType = file.storyboard; name = Base; path = Base.lproj/Main.storyboard; sourceTree = "<group>"; };
		3D46477E255B2C600077E912 /* Assets.xcassets */ = {isa = PBXFileReference; lastKnownFileType = folder.assetcatalog; path = Assets.xcassets; sourceTree = "<group>"; };
		3D464781255B2C600077E912 /* Base */ = {isa = PBXFileReference; lastKnownFileType = file.storyboard; name = Base; path = Base.lproj/LaunchScreen.storyboard; sourceTree = "<group>"; };
		3D464783255B2C600077E912 /* Info.plist */ = {isa = PBXFileReference; lastKnownFileType = text.plist.xml; path = Info.plist; sourceTree = "<group>"; };
		3D464788255B2C610077E912 /* listaEventosTests.xctest */ = {isa = PBXFileReference; explicitFileType = wrapper.cfbundle; includeInIndex = 0; path = listaEventosTests.xctest; sourceTree = BUILT_PRODUCTS_DIR; };
		3D46478C255B2C610077E912 /* listaEventosTests.swift */ = {isa = PBXFileReference; lastKnownFileType = sourcecode.swift; path = listaEventosTests.swift; sourceTree = "<group>"; };
		3D46478E255B2C610077E912 /* Info.plist */ = {isa = PBXFileReference; lastKnownFileType = text.plist.xml; path = Info.plist; sourceTree = "<group>"; };
		3D464793255B2C610077E912 /* listaEventosUITests.xctest */ = {isa = PBXFileReference; explicitFileType = wrapper.cfbundle; includeInIndex = 0; path = listaEventosUITests.xctest; sourceTree = BUILT_PRODUCTS_DIR; };
		3D464797255B2C610077E912 /* listaEventosUITests.swift */ = {isa = PBXFileReference; lastKnownFileType = sourcecode.swift; path = listaEventosUITests.swift; sourceTree = "<group>"; };
		3D464799255B2C610077E912 /* Info.plist */ = {isa = PBXFileReference; lastKnownFileType = text.plist.xml; path = Info.plist; sourceTree = "<group>"; };
		3D4647A5255B3CAD0077E912 /* Evento.swift */ = {isa = PBXFileReference; lastKnownFileType = sourcecode.swift; path = Evento.swift; sourceTree = "<group>"; };
		3D4647A7255B3EC30077E912 /* CeldaEventoController.swift */ = {isa = PBXFileReference; lastKnownFileType = sourcecode.swift; path = CeldaEventoController.swift; sourceTree = "<group>"; };
/* End PBXFileReference section */

/* Begin PBXFrameworksBuildPhase section */
		3D46476F255B2C560077E912 /* Frameworks */ = {
			isa = PBXFrameworksBuildPhase;
			buildActionMask = 2147483647;
			files = (
			);
			runOnlyForDeploymentPostprocessing = 0;
		};
		3D464785255B2C610077E912 /* Frameworks */ = {
			isa = PBXFrameworksBuildPhase;
			buildActionMask = 2147483647;
			files = (
			);
			runOnlyForDeploymentPostprocessing = 0;
		};
		3D464790255B2C610077E912 /* Frameworks */ = {
			isa = PBXFrameworksBuildPhase;
			buildActionMask = 2147483647;
			files = (
			);
			runOnlyForDeploymentPostprocessing = 0;
		};
/* End PBXFrameworksBuildPhase section */

/* Begin PBXGroup section */
		3D464769255B2C560077E912 = {
			isa = PBXGroup;
			children = (
				3D464774255B2C560077E912 /* listaEventos */,
				3D46478B255B2C610077E912 /* listaEventosTests */,
				3D464796255B2C610077E912 /* listaEventosUITests */,
				3D464773255B2C560077E912 /* Products */,
			);
			sourceTree = "<group>";
		};
		3D464773255B2C560077E912 /* Products */ = {
			isa = PBXGroup;
			children = (
				3D464772255B2C560077E912 /* listaEventos.app */,
				3D464788255B2C610077E912 /* listaEventosTests.xctest */,
				3D464793255B2C610077E912 /* listaEventosUITests.xctest */,
			);
			name = Products;
			sourceTree = "<group>";
		};
		3D464774255B2C560077E912 /* listaEventos */ = {
			isa = PBXGroup;
			children = (
				3D464775255B2C560077E912 /* AppDelegate.swift */,
				3D464777255B2C560077E912 /* SceneDelegate.swift */,
				3D464779255B2C560077E912 /* ViewController.swift */,
				3D46477B255B2C560077E912 /* Main.storyboard */,
				3D46477E255B2C600077E912 /* Assets.xcassets */,
				3D464780255B2C600077E912 /* LaunchScreen.storyboard */,
				3D464783255B2C600077E912 /* Info.plist */,
				3D4647A5255B3CAD0077E912 /* Evento.swift */,
				3D4647A7255B3EC30077E912 /* CeldaEventoController.swift */,
			);
			path = listaEventos;
			sourceTree = "<group>";
		};
		3D46478B255B2C610077E912 /* listaEventosTests */ = {
			isa = PBXGroup;
			children = (
				3D46478C255B2C610077E912 /* listaEventosTests.swift */,
				3D46478E255B2C610077E912 /* Info.plist */,
			);
			path = listaEventosTests;
			sourceTree = "<group>";
		};
		3D464796255B2C610077E912 /* listaEventosUITests */ = {
			isa = PBXGroup;
			children = (
				3D464797255B2C610077E912 /* listaEventosUITests.swift */,
				3D464799255B2C610077E912 /* Info.plist */,
			);
			path = listaEventosUITests;
			sourceTree = "<group>";
		};
/* End PBXGroup section */

/* Begin PBXNativeTarget section */
		3D464771255B2C560077E912 /* listaEventos */ = {
			isa = PBXNativeTarget;
			buildConfigurationList = 3D46479C255B2C610077E912 /* Build configuration list for PBXNativeTarget "listaEventos" */;
			buildPhases = (
				3D46476E255B2C560077E912 /* Sources */,
				3D46476F255B2C560077E912 /* Frameworks */,
				3D464770255B2C560077E912 /* Resources */,
			);
			buildRules = (
			);
			dependencies = (
			);
			name = listaEventos;
			productName = listaEventos;
			productReference = 3D464772255B2C560077E912 /* listaEventos.app */;
			productType = "com.apple.product-type.application";
		};
		3D464787255B2C610077E912 /* listaEventosTests */ = {
			isa = PBXNativeTarget;
			buildConfigurationList = 3D46479F255B2C610077E912 /* Build configuration list for PBXNativeTarget "listaEventosTests" */;
			buildPhases = (
				3D464784255B2C610077E912 /* Sources */,
				3D464785255B2C610077E912 /* Frameworks */,
				3D464786255B2C610077E912 /* Resources */,
			);
			buildRules = (
			);
			dependencies = (
				3D46478A255B2C610077E912 /* PBXTargetDependency */,
			);
			name = listaEventosTests;
			productName = listaEventosTests;
			productReference = 3D464788255B2C610077E912 /* listaEventosTests.xctest */;
			productType = "com.apple.product-type.bundle.unit-test";
		};
		3D464792255B2C610077E912 /* listaEventosUITests */ = {
			isa = PBXNativeTarget;
			buildConfigurationList = 3D4647A2255B2C610077E912 /* Build configuration list for PBXNativeTarget "listaEventosUITests" */;
			buildPhases = (
				3D46478F255B2C610077E912 /* Sources */,
				3D464790255B2C610077E912 /* Frameworks */,
				3D464791255B2C610077E912 /* Resources */,
			);
			buildRules = (
			);
			dependencies = (
				3D464795255B2C610077E912 /* PBXTargetDependency */,
			);
			name = listaEventosUITests;
			productName = listaEventosUITests;
			productReference = 3D464793255B2C610077E912 /* listaEventosUITests.xctest */;
			productType = "com.apple.product-type.bundle.ui-testing";
		};
/* End PBXNativeTarget section */

/* Begin PBXProject section */
		3D46476A255B2C560077E912 /* Project object */ = {
			isa = PBXProject;
			attributes = {
				LastSwiftUpdateCheck = 1130;
				LastUpgradeCheck = 1130;
				ORGANIZATIONNAME = Alumno;
				TargetAttributes = {
					3D464771255B2C560077E912 = {
						CreatedOnToolsVersion = 11.3.1;
					};
					3D464787255B2C610077E912 = {
						CreatedOnToolsVersion = 11.3.1;
						TestTargetID = 3D464771255B2C560077E912;
					};
					3D464792255B2C610077E912 = {
						CreatedOnToolsVersion = 11.3.1;
						TestTargetID = 3D464771255B2C560077E912;
					};
				};
			};
			buildConfigurationList = 3D46476D255B2C560077E912 /* Build configuration list for PBXProject "listaEventos" */;
			compatibilityVersion = "Xcode 9.3";
			developmentRegion = en;
			hasScannedForEncodings = 0;
			knownRegions = (
				en,
				Base,
			);
			mainGroup = 3D464769255B2C560077E912;
			productRefGroup = 3D464773255B2C560077E912 /* Products */;
			projectDirPath = "";
			projectRoot = "";
			targets = (
				3D464771255B2C560077E912 /* listaEventos */,
				3D464787255B2C610077E912 /* listaEventosTests */,
				3D464792255B2C610077E912 /* listaEventosUITests */,
			);
		};
/* End PBXProject section */

/* Begin PBXResourcesBuildPhase section */
		3D464770255B2C560077E912 /* Resources */ = {
			isa = PBXResourcesBuildPhase;
			buildActionMask = 2147483647;
			files = (
				3D464782255B2C600077E912 /* LaunchScreen.storyboard in Resources */,
				3D46477F255B2C600077E912 /* Assets.xcassets in Resources */,
				3D46477D255B2C560077E912 /* Main.storyboard in Resources */,
			);
			runOnlyForDeploymentPostprocessing = 0;
		};
		3D464786255B2C610077E912 /* Resources */ = {
			isa = PBXResourcesBuildPhase;
			buildActionMask = 2147483647;
			files = (
			);
			runOnlyForDeploymentPostprocessing = 0;
		};
		3D464791255B2C610077E912 /* Resources */ = {
			isa = PBXResourcesBuildPhase;
			buildActionMask = 2147483647;
			files = (
			);
			runOnlyForDeploymentPostprocessing = 0;
		};
/* End PBXResourcesBuildPhase section */

/* Begin PBXSourcesBuildPhase section */
		3D46476E255B2C560077E912 /* Sources */ = {
			isa = PBXSourcesBuildPhase;
			buildActionMask = 2147483647;
			files = (
				3D4647A6255B3CAD0077E912 /* Evento.swift in Sources */,
				3D46477A255B2C560077E912 /* ViewController.swift in Sources */,
				3D464776255B2C560077E912 /* AppDelegate.swift in Sources */,
				3D4647A8255B3EC30077E912 /* CeldaEventoController.swift in Sources */,
				3D464778255B2C560077E912 /* SceneDelegate.swift in Sources */,
			);
			runOnlyForDeploymentPostprocessing = 0;
		};
		3D464784255B2C610077E912 /* Sources */ = {
			isa = PBXSourcesBuildPhase;
			buildActionMask = 2147483647;
			files = (
				3D46478D255B2C610077E912 /* listaEventosTests.swift in Sources */,
			);
			runOnlyForDeploymentPostprocessing = 0;
		};
		3D46478F255B2C610077E912 /* Sources */ = {
			isa = PBXSourcesBuildPhase;
			buildActionMask = 2147483647;
			files = (
				3D464798255B2C610077E912 /* listaEventosUITests.swift in Sources */,
			);
			runOnlyForDeploymentPostprocessing = 0;
		};
/* End PBXSourcesBuildPhase section */

/* Begin PBXTargetDependency section */
		3D46478A255B2C610077E912 /* PBXTargetDependency */ = {
			isa = PBXTargetDependency;
			target = 3D464771255B2C560077E912 /* listaEventos */;
			targetProxy = 3D464789255B2C610077E912 /* PBXContainerItemProxy */;
		};
		3D464795255B2C610077E912 /* PBXTargetDependency */ = {
			isa = PBXTargetDependency;
			target = 3D464771255B2C560077E912 /* listaEventos */;
			targetProxy = 3D464794255B2C610077E912 /* PBXContainerItemProxy */;
		};
/* End PBXTargetDependency section */

/* Begin PBXVariantGroup section */
		3D46477B255B2C560077E912 /* Main.storyboard */ = {
			isa = PBXVariantGroup;
			children = (
				3D46477C255B2C560077E912 /* Base */,
			);
			name = Main.storyboard;
			sourceTree = "<group>";
		};
		3D464780255B2C600077E912 /* LaunchScreen.storyboard */ = {
			isa = PBXVariantGroup;
			children = (
				3D464781255B2C600077E912 /* Base */,
			);
			name = LaunchScreen.storyboard;
			sourceTree = "<group>";
		};
/* End PBXVariantGroup section */

/* Begin XCBuildConfiguration section */
		3D46479A255B2C610077E912 /* Debug */ = {
			isa = XCBuildConfiguration;
			buildSettings = {
				ALWAYS_SEARCH_USER_PATHS = NO;
				CLANG_ANALYZER_NONNULL = YES;
				CLANG_ANALYZER_NUMBER_OBJECT_CONVERSION = YES_AGGRESSIVE;
				CLANG_CXX_LANGUAGE_STANDARD = "gnu++14";
				CLANG_CXX_LIBRARY = "libc++";
				CLANG_ENABLE_MODULES = YES;
				CLANG_ENABLE_OBJC_ARC = YES;
				CLANG_ENABLE_OBJC_WEAK = YES;
				CLANG_WARN_BLOCK_CAPTURE_AUTORELEASING = YES;
				CLANG_WARN_BOOL_CONVERSION = YES;
				CLANG_WARN_COMMA = YES;
				CLANG_WARN_CONSTANT_CONVERSION = YES;
				CLANG_WARN_DEPRECATED_OBJC_IMPLEMENTATIONS = YES;
				CLANG_WARN_DIRECT_OBJC_ISA_USAGE = YES_ERROR;
				CLANG_WARN_DOCUMENTATION_COMMENTS = YES;
				CLANG_WARN_EMPTY_BODY = YES;
				CLANG_WARN_ENUM_CONVERSION = YES;
				CLANG_WARN_INFINITE_RECURSION = YES;
				CLANG_WARN_INT_CONVERSION = YES;
				CLANG_WARN_NON_LITERAL_NULL_CONVERSION = YES;
				CLANG_WARN_OBJC_IMPLICIT_RETAIN_SELF = YES;
				CLANG_WARN_OBJC_LITERAL_CONVERSION = YES;
				CLANG_WARN_OBJC_ROOT_CLASS = YES_ERROR;
				CLANG_WARN_RANGE_LOOP_ANALYSIS = YES;
				CLANG_WARN_STRICT_PROTOTYPES = YES;
				CLANG_WARN_SUSPICIOUS_MOVE = YES;
				CLANG_WARN_UNGUARDED_AVAILABILITY = YES_AGGRESSIVE;
				CLANG_WARN_UNREACHABLE_CODE = YES;
				CLANG_WARN__DUPLICATE_METHOD_MATCH = YES;
				COPY_PHASE_STRIP = NO;
				DEBUG_INFORMATION_FORMAT = dwarf;
				ENABLE_STRICT_OBJC_MSGSEND = YES;
				ENABLE_TESTABILITY = YES;
				GCC_C_LANGUAGE_STANDARD = gnu11;
				GCC_DYNAMIC_NO_PIC = NO;
				GCC_NO_COMMON_BLOCKS = YES;
				GCC_OPTIMIZATION_LEVEL = 0;
				GCC_PREPROCESSOR_DEFINITIONS = (
					"DEBUG=1",
					"$(inherited)",
				);
				GCC_WARN_64_TO_32_BIT_CONVERSION = YES;
				GCC_WARN_ABOUT_RETURN_TYPE = YES_ERROR;
				GCC_WARN_UNDECLARED_SELECTOR = YES;
				GCC_WARN_UNINITIALIZED_AUTOS = YES_AGGRESSIVE;
				GCC_WARN_UNUSED_FUNCTION = YES;
				GCC_WARN_UNUSED_VARIABLE = YES;
				IPHONEOS_DEPLOYMENT_TARGET = 13.2;
				MTL_ENABLE_DEBUG_INFO = INCLUDE_SOURCE;
				MTL_FAST_MATH = YES;
				ONLY_ACTIVE_ARCH = YES;
				SDKROOT = iphoneos;
				SWIFT_ACTIVE_COMPILATION_CONDITIONS = DEBUG;
				SWIFT_OPTIMIZATION_LEVEL = "-Onone";
			};
			name = Debug;
		};
		3D46479B255B2C610077E912 /* Release */ = {
			isa = XCBuildConfiguration;
			buildSettings = {
				ALWAYS_SEARCH_USER_PATHS = NO;
				CLANG_ANALYZER_NONNULL = YES;
				CLANG_ANALYZER_NUMBER_OBJECT_CONVERSION = YES_AGGRESSIVE;
				CLANG_CXX_LANGUAGE_STANDARD = "gnu++14";
				CLANG_CXX_LIBRARY = "libc++";
				CLANG_ENABLE_MODULES = YES;
				CLANG_ENABLE_OBJC_ARC = YES;
				CLANG_ENABLE_OBJC_WEAK = YES;
				CLANG_WARN_BLOCK_CAPTURE_AUTORELEASING = YES;
				CLANG_WARN_BOOL_CONVERSION = YES;
				CLANG_WARN_COMMA = YES;
				CLANG_WARN_CONSTANT_CONVERSION = YES;
				CLANG_WARN_DEPRECATED_OBJC_IMPLEMENTATIONS = YES;
				CLANG_WARN_DIRECT_OBJC_ISA_USAGE = YES_ERROR;
				CLANG_WARN_DOCUMENTATION_COMMENTS = YES;
				CLANG_WARN_EMPTY_BODY = YES;
				CLANG_WARN_ENUM_CONVERSION = YES;
				CLANG_WARN_INFINITE_RECURSION = YES;
				CLANG_WARN_INT_CONVERSION = YES;
				CLANG_WARN_NON_LITERAL_NULL_CONVERSION = YES;
				CLANG_WARN_OBJC_IMPLICIT_RETAIN_SELF = YES;
				CLANG_WARN_OBJC_LITERAL_CONVERSION = YES;
				CLANG_WARN_OBJC_ROOT_CLASS = YES_ERROR;
				CLANG_WARN_RANGE_LOOP_ANALYSIS = YES;
				CLANG_WARN_STRICT_PROTOTYPES = YES;
				CLANG_WARN_SUSPICIOUS_MOVE = YES;
				CLANG_WARN_UNGUARDED_AVAILABILITY = YES_AGGRESSIVE;
				CLANG_WARN_UNREACHABLE_CODE = YES;
				CLANG_WARN__DUPLICATE_METHOD_MATCH = YES;
				COPY_PHASE_STRIP = NO;
				DEBUG_INFORMATION_FORMAT = "dwarf-with-dsym";
				ENABLE_NS_ASSERTIONS = NO;
				ENABLE_STRICT_OBJC_MSGSEND = YES;
				GCC_C_LANGUAGE_STANDARD = gnu11;
				GCC_NO_COMMON_BLOCKS = YES;
				GCC_WARN_64_TO_32_BIT_CONVERSION = YES;
				GCC_WARN_ABOUT_RETURN_TYPE = YES_ERROR;
				GCC_WARN_UNDECLARED_SELECTOR = YES;
				GCC_WARN_UNINITIALIZED_AUTOS = YES_AGGRESSIVE;
				GCC_WARN_UNUSED_FUNCTION = YES;
				GCC_WARN_UNUSED_VARIABLE = YES;
				IPHONEOS_DEPLOYMENT_TARGET = 13.2;
				MTL_ENABLE_DEBUG_INFO = NO;
				MTL_FAST_MATH = YES;
				SDKROOT = iphoneos;
				SWIFT_COMPILATION_MODE = wholemodule;
				SWIFT_OPTIMIZATION_LEVEL = "-O";
				VALIDATE_PRODUCT = YES;
			};
			name = Release;
		};
		3D46479D255B2C610077E912 /* Debug */ = {
			isa = XCBuildConfiguration;
			buildSettings = {
				ASSETCATALOG_COMPILER_APPICON_NAME = AppIcon;
				CODE_SIGN_STYLE = Automatic;
				INFOPLIST_FILE = listaEventos/Info.plist;
				LD_RUNPATH_SEARCH_PATHS = (
					"$(inherited)",
					"@executable_path/Frameworks",
				);
				PRODUCT_BUNDLE_IDENTIFIER = edu.ulsa.listaEventos;
				PRODUCT_NAME = "$(TARGET_NAME)";
				SWIFT_VERSION = 5.0;
				TARGETED_DEVICE_FAMILY = "1,2";
			};
			name = Debug;
		};
		3D46479E255B2C610077E912 /* Release */ = {
			isa = XCBuildConfiguration;
			buildSettings = {
				ASSETCATALOG_COMPILER_APPICON_NAME = AppIcon;
				CODE_SIGN_STYLE = Automatic;
				INFOPLIST_FILE = listaEventos/Info.plist;
				LD_RUNPATH_SEARCH_PATHS = (
					"$(inherited)",
					"@executable_path/Frameworks",
				);
				PRODUCT_BUNDLE_IDENTIFIER = edu.ulsa.listaEventos;
				PRODUCT_NAME = "$(TARGET_NAME)";
				SWIFT_VERSION = 5.0;
				TARGETED_DEVICE_FAMILY = "1,2";
			};
			name = Release;
		};
		3D4647A0255B2C610077E912 /* Debug */ = {
			isa = XCBuildConfiguration;
			buildSettings = {
				ALWAYS_EMBED_SWIFT_STANDARD_LIBRARIES = YES;
				BUNDLE_LOADER = "$(TEST_HOST)";
				CODE_SIGN_STYLE = Automatic;
				INFOPLIST_FILE = listaEventosTests/Info.plist;
				IPHONEOS_DEPLOYMENT_TARGET = 13.2;
				LD_RUNPATH_SEARCH_PATHS = (
					"$(inherited)",
					"@executable_path/Frameworks",
					"@loader_path/Frameworks",
				);
				PRODUCT_BUNDLE_IDENTIFIER = edu.ulsa.listaEventosTests;
				PRODUCT_NAME = "$(TARGET_NAME)";
				SWIFT_VERSION = 5.0;
				TARGETED_DEVICE_FAMILY = "1,2";
				TEST_HOST = "$(BUILT_PRODUCTS_DIR)/listaEventos.app/listaEventos";
			};
			name = Debug;
		};
		3D4647A1255B2C610077E912 /* Release */ = {
			isa = XCBuildConfiguration;
			buildSettings = {
				ALWAYS_EMBED_SWIFT_STANDARD_LIBRARIES = YES;
				BUNDLE_LOADER = "$(TEST_HOST)";
				CODE_SIGN_STYLE = Automatic;
				INFOPLIST_FILE = listaEventosTests/Info.plist;
				IPHONEOS_DEPLOYMENT_TARGET = 13.2;
				LD_RUNPATH_SEARCH_PATHS = (
					"$(inherited)",
					"@executable_path/Frameworks",
					"@loader_path/Frameworks",
				);
				PRODUCT_BUNDLE_IDENTIFIER = edu.ulsa.listaEventosTests;
				PRODUCT_NAME = "$(TARGET_NAME)";
				SWIFT_VERSION = 5.0;
				TARGETED_DEVICE_FAMILY = "1,2";
				TEST_HOST = "$(BUILT_PRODUCTS_DIR)/listaEventos.app/listaEventos";
			};
			name = Release;
		};
		3D4647A3255B2C610077E912 /* Debug */ = {
			isa = XCBuildConfiguration;
			buildSettings = {
				ALWAYS_EMBED_SWIFT_STANDARD_LIBRARIES = YES;
				CODE_SIGN_STYLE = Automatic;
				INFOPLIST_FILE = listaEventosUITests/Info.plist;
				LD_RUNPATH_SEARCH_PATHS = (
					"$(inherited)",
					"@executable_path/Frameworks",
					"@loader_path/Frameworks",
				);
				PRODUCT_BUNDLE_IDENTIFIER = edu.ulsa.listaEventosUITests;
				PRODUCT_NAME = "$(TARGET_NAME)";
				SWIFT_VERSION = 5.0;
				TARGETED_DEVICE_FAMILY = "1,2";
				TEST_TARGET_NAME = listaEventos;
			};
			name = Debug;
		};
		3D4647A4255B2C610077E912 /* Release */ = {
			isa = XCBuildConfiguration;
			buildSettings = {
				ALWAYS_EMBED_SWIFT_STANDARD_LIBRARIES = YES;
				CODE_SIGN_STYLE = Automatic;
				INFOPLIST_FILE = listaEventosUITests/Info.plist;
				LD_RUNPATH_SEARCH_PATHS = (
					"$(inherited)",
					"@executable_path/Frameworks",
					"@loader_path/Frameworks",
				);
				PRODUCT_BUNDLE_IDENTIFIER = edu.ulsa.listaEventosUITests;
				PRODUCT_NAME = "$(TARGET_NAME)";
				SWIFT_VERSION = 5.0;
				TARGETED_DEVICE_FAMILY = "1,2";
				TEST_TARGET_NAME = listaEventos;
			};
			name = Release;
		};
/* End XCBuildConfiguration section */

/* Begin XCConfigurationList section */
		3D46476D255B2C560077E912 /* Build configuration list for PBXProject "listaEventos" */ = {
			isa = XCConfigurationList;
			buildConfigurations = (
				3D46479A255B2C610077E912 /* Debug */,
				3D46479B255B2C610077E912 /* Release */,
			);
			defaultConfigurationIsVisible = 0;
			defaultConfigurationName = Release;
		};
		3D46479C255B2C610077E912 /* Build configuration list for PBXNativeTarget "listaEventos" */ = {
			isa = XCConfigurationList;
			buildConfigurations = (
				3D46479D255B2C610077E912 /* Debug */,
				3D46479E255B2C610077E912 /* Release */,
			);
			defaultConfigurationIsVisible = 0;
			defaultConfigurationName = Release;
		};
		3D46479F255B2C610077E912 /* Build configuration list for PBXNativeTarget "listaEventosTests" */ = {
			isa = XCConfigurationList;
			buildConfigurations = (
				3D4647A0255B2C610077E912 /* Debug */,
				3D4647A1255B2C610077E912 /* Release */,
			);
			defaultConfigurationIsVisible = 0;
			defaultConfigurationName = Release;
		};
		3D4647A2255B2C610077E912 /* Build configuration list for PBXNativeTarget "listaEventosUITests" */ = {
			isa = XCConfigurationList;
			buildConfigurations = (
				3D4647A3255B2C610077E912 /* Debug */,
				3D4647A4255B2C610077E912 /* Release */,
			);
			defaultConfigurationIsVisible = 0;
			defaultConfigurationName = Release;
		};
/* End XCConfigurationList section */
	};
	rootObject = 3D46476A255B2C560077E912 /* Project object */;
}
